
Microsoft Visual Studio Solution File, Format Version 12.00
# Visual Studio Version 17
VisualStudioVersion = 17.5.33502.453
MinimumVisualStudioVersion = 10.0.40219.1
Project("{9A19103F-16F7-4668-BE54-9A1E7A4F7556}") = "GamesCorner.Server", "GamesCorner\Server\GamesCorner.Server.csproj", "{8538563F-892C-4068-B4EE-E792FCBCD268}"
EndProject
Project("{9A19103F-16F7-4668-BE54-9A1E7A4F7556}") = "GamesCorner.Client", "GamesCorner\Client\GamesCorner.Client.csproj", "{453BE534-08CA-4809-8E67-7958D71055F8}"
EndProject
Project("{9A19103F-16F7-4668-BE54-9A1E7A4F7556}") = "GamesCorner.Shared", "GamesCorner\Shared\GamesCorner.Shared.csproj", "{77029F63-D23F-4D50-9175-D9AAB0333415}"
EndProject
Project("{9A19103F-16F7-4668-BE54-9A1E7A4F7556}") = "DataAccess", "DataAccess\DataAccess.csproj", "{3EEB5EE9-67B7-455E-8368-79AD60C38DD9}"
EndProject
Project("{9A19103F-16F7-4668-BE54-9A1E7A4F7556}") = "GamesCorner.Tests", "GamesCorner.Tests\GamesCorner.Tests.csproj", "{27DE1BEA-633E-4486-85F7-6D66AD75E2EC}"
EndProject
Global
	GlobalSection(SolutionConfigurationPlatforms) = preSolution
		Debug|Any CPU = Debug|Any CPU
		Release|Any CPU = Release|Any CPU
	EndGlobalSection
	GlobalSection(ProjectConfigurationPlatforms) = postSolution
		{8538563F-892C-4068-B4EE-E792FCBCD268}.Debug|Any CPU.ActiveCfg = Debug|Any CPU
		{8538563F-892C-4068-B4EE-E792FCBCD268}.Debug|Any CPU.Build.0 = Debug|Any CPU
		{8538563F-892C-4068-B4EE-E792FCBCD268}.Release|Any CPU.ActiveCfg = Release|Any CPU
		{8538563F-892C-4068-B4EE-E792FCBCD268}.Release|Any CPU.Build.0 = Release|Any CPU
		{453BE534-08CA-4809-8E67-7958D71055F8}.Debug|Any CPU.ActiveCfg = Debug|Any CPU
		{453BE534-08CA-4809-8E67-7958D71055F8}.Debug|Any CPU.Build.0 = Debug|Any CPU
		{453BE534-08CA-4809-8E67-7958D71055F8}.Release|Any CPU.ActiveCfg = Release|Any CPU
		{453BE534-08CA-4809-8E67-7958D71055F8}.Release|Any CPU.Build.0 = Release|Any CPU
		{77029F63-D23F-4D50-9175-D9AAB0333415}.Debug|Any CPU.ActiveCfg = Debug|Any CPU
		{77029F63-D23F-4D50-9175-D9AAB0333415}.Debug|Any CPU.Build.0 = Debug|Any CPU
		{77029F63-D23F-4D50-9175-D9AAB0333415}.Release|Any CPU.ActiveCfg = Release|Any CPU
		{77029F63-D23F-4D50-9175-D9AAB0333415}.Release|Any CPU.Build.0 = Release|Any CPU
		{3EEB5EE9-67B7-455E-8368-79AD60C38DD9}.Debug|Any CPU.ActiveCfg = Debug|Any CPU
		{3EEB5EE9-67B7-455E-8368-79AD60C38DD9}.Debug|Any CPU.Build.0 = Debug|Any CPU
		{3EEB5EE9-67B7-455E-8368-79AD60C38DD9}.Release|Any CPU.ActiveCfg = Release|Any CPU
		{3EEB5EE9-67B7-455E-8368-79AD60C38DD9}.Release|Any CPU.Build.0 = Release|Any CPU
		{27DE1BEA-633E-4486-85F7-6D66AD75E2EC}.Debug|Any CPU.ActiveCfg = Debug|Any CPU
		{27DE1BEA-633E-4486-85F7-6D66AD75E2EC}.Debug|Any CPU.Build.0 = Debug|Any CPU
		{27DE1BEA-633E-4486-85F7-6D66AD75E2EC}.Release|Any CPU.ActiveCfg = Release|Any CPU
		{27DE1BEA-633E-4486-85F7-6D66AD75E2EC}.Release|Any CPU.Build.0 = Release|Any CPU
	EndGlobalSection
	GlobalSection(SolutionProperties) = preSolution
		HideSolutionNode = FALSE
	EndGlobalSection
	GlobalSection(ExtensibilityGlobals) = postSolution
		SolutionGuid = {B7A1D6E1-2A77-4011-89BE-4E6A5704FD12}
	EndGlobalSection
EndGlobal
